
Microsoft Visual Studio Solution File, Format Version 12.00
# Visual Studio Version 16
VisualStudioVersion = 16.0.30413.136
MinimumVisualStudioVersion = 10.0.40219.1
Project("{FAE04EC0-301F-11D3-BF4B-00C04F79EFBC}") = "CustomerUserAccount", "CustomerUserAccount\CustomerUserAccount.csproj", "{D8D195DA-19F6-41BA-BE8C-2FBE7E65662E}"
EndProject
Global
	GlobalSection(SolutionConfigurationPlatforms) = preSolution
		Debug|Any CPU = Debug|Any CPU
		Release|Any CPU = Release|Any CPU
	EndGlobalSection
	GlobalSection(ProjectConfigurationPlatforms) = postSolution
		{D8D195DA-19F6-41BA-BE8C-2FBE7E65662E}.Debug|Any CPU.ActiveCfg = Debug|Any CPU
		{D8D195DA-19F6-41BA-BE8C-2FBE7E65662E}.Debug|Any CPU.Build.0 = Debug|Any CPU
		{D8D195DA-19F6-41BA-BE8C-2FBE7E65662E}.Release|Any CPU.ActiveCfg = Release|Any CPU
		{D8D195DA-19F6-41BA-BE8C-2FBE7E65662E}.Release|Any CPU.Build.0 = Release|Any CPU
	EndGlobalSection
	GlobalSection(SolutionProperties) = preSolution
		HideSolutionNode = FALSE
	EndGlobalSection
	GlobalSection(ExtensibilityGlobals) = postSolution
		SolutionGuid = {CCE7FD9C-14AE-47F4-95EE-EE08853119C5}
	EndGlobalSection
EndGlobal
