
Microsoft Visual Studio Solution File, Format Version 12.00
# Visual Studio Version 16
VisualStudioVersion = 16.0.30413.136
MinimumVisualStudioVersion = 10.0.40219.1
Project("{FAE04EC0-301F-11D3-BF4B-00C04F79EFBC}") = "EmployeeUserAccount", "EmployeeUserAccount\EmployeeUserAccount.csproj", "{8FCB3EFD-8AE8-427B-A04D-896BA79F8027}"
EndProject
Global
	GlobalSection(SolutionConfigurationPlatforms) = preSolution
		Debug|Any CPU = Debug|Any CPU
		Release|Any CPU = Release|Any CPU
	EndGlobalSection
	GlobalSection(ProjectConfigurationPlatforms) = postSolution
		{8FCB3EFD-8AE8-427B-A04D-896BA79F8027}.Debug|Any CPU.ActiveCfg = Debug|Any CPU
		{8FCB3EFD-8AE8-427B-A04D-896BA79F8027}.Debug|Any CPU.Build.0 = Debug|Any CPU
		{8FCB3EFD-8AE8-427B-A04D-896BA79F8027}.Release|Any CPU.ActiveCfg = Release|Any CPU
		{8FCB3EFD-8AE8-427B-A04D-896BA79F8027}.Release|Any CPU.Build.0 = Release|Any CPU
	EndGlobalSection
	GlobalSection(SolutionProperties) = preSolution
		HideSolutionNode = FALSE
	EndGlobalSection
	GlobalSection(ExtensibilityGlobals) = postSolution
		SolutionGuid = {29E46AF8-D5E9-438B-9A70-51FACCE88498}
	EndGlobalSection
EndGlobal
